
Microsoft Visual Studio Solution File, Format Version 12.00
# Visual Studio Version 17
VisualStudioVersion = 17.14.36414.22 d17.14
MinimumVisualStudioVersion = 10.0.40219.1
Project("{FAE04EC0-301F-11D3-BF4B-00C04F79EFBC}") = "CanchesTechnology2", "CanchesTechnology2.csproj", "{9E4A2CB4-B99D-4E63-85A9-851F7B927A2D}"
EndProject
Global
	GlobalSection(SolutionConfigurationPlatforms) = preSolution
		Debug|Any CPU = Debug|Any CPU
		Release|Any CPU = Release|Any CPU
	EndGlobalSection
	GlobalSection(ProjectConfigurationPlatforms) = postSolution
		{9E4A2CB4-B99D-4E63-85A9-851F7B927A2D}.Debug|Any CPU.ActiveCfg = Debug|Any CPU
		{9E4A2CB4-B99D-4E63-85A9-851F7B927A2D}.Debug|Any CPU.Build.0 = Debug|Any CPU
		{9E4A2CB4-B99D-4E63-85A9-851F7B927A2D}.Release|Any CPU.ActiveCfg = Release|Any CPU
		{9E4A2CB4-B99D-4E63-85A9-851F7B927A2D}.Release|Any CPU.Build.0 = Release|Any CPU
	EndGlobalSection
	GlobalSection(SolutionProperties) = preSolution
		HideSolutionNode = FALSE
	EndGlobalSection
	GlobalSection(ExtensibilityGlobals) = postSolution
		SolutionGuid = {B666E333-FE9B-4FE6-92B8-CC48B7C57520}
	EndGlobalSection
EndGlobal
